
Microsoft Visual Studio Solution File, Format Version 12.00
# Visual Studio Version 17
VisualStudioVersion = 17.5.002.0
MinimumVisualStudioVersion = 10.0.40219.1
Project("{2150E333-8FDC-42A3-9474-1A3956D46DE8}") = "Labfiles", "Labfiles", "{C5F12370-4BD1-4414-A17E-9490C313F92C}"
EndProject
Project("{2150E333-8FDC-42A3-9474-1A3956D46DE8}") = "01-analyze-images", "01-analyze-images", "{5EA5C904-B840-43E8-9366-EBF81B4F8F03}"
EndProject
Project("{2150E333-8FDC-42A3-9474-1A3956D46DE8}") = "C-Sharp", "C-Sharp", "{F31FB89D-7D9F-431E-B3E6-A3049AA37E2D}"
EndProject
Project("{9A19103F-16F7-4668-BE54-9A1E7A4F7556}") = "image-analysis", "Labfiles\01-analyze-images\C-Sharp\image-analysis\image-analysis.csproj", "{164B9F6E-E771-4B38-A56E-B58654F5A89D}"
EndProject
Project("{2150E333-8FDC-42A3-9474-1A3956D46DE8}") = "03-object-detection", "03-object-detection", "{47DF982D-3862-40B2-990C-CF03FF868FB4}"
EndProject
Project("{2150E333-8FDC-42A3-9474-1A3956D46DE8}") = "C-Sharp", "C-Sharp", "{6FF8A4C7-B5C7-483D-AD91-84512C918E6A}"
EndProject
Project("{9A19103F-16F7-4668-BE54-9A1E7A4F7556}") = "test-detector", "Labfiles\03-object-detection\C-Sharp\test-detector\test-detector.csproj", "{7C9D9B18-F573-4883-86CD-4EDDD3ED5FA5}"
EndProject
Project("{9A19103F-16F7-4668-BE54-9A1E7A4F7556}") = "train-detector", "Labfiles\03-object-detection\C-Sharp\train-detector\train-detector.csproj", "{A2FF3586-3CF4-4562-BA60-0F71317CFC7B}"
EndProject
Project("{2150E333-8FDC-42A3-9474-1A3956D46DE8}") = "04-face", "04-face", "{1F0E749A-5854-406B-B691-0C1983369D06}"
EndProject
Project("{2150E333-8FDC-42A3-9474-1A3956D46DE8}") = "C-Sharp", "C-Sharp", "{8BA51319-4AA3-4D75-B1B8-497F5DC5454E}"
EndProject
Project("{9A19103F-16F7-4668-BE54-9A1E7A4F7556}") = "detect-people", "Labfiles\04-face\C-Sharp\computer-vision\detect-people.csproj", "{9E3ECFAD-7EB7-4564-9070-B7E63553312E}"
EndProject
Project("{9A19103F-16F7-4668-BE54-9A1E7A4F7556}") = "analyze-faces", "Labfiles\04-face\C-Sharp\face-api\analyze-faces.csproj", "{ED8F9D04-CC6B-40D9-8049-9572FC516508}"
EndProject
Project("{2150E333-8FDC-42A3-9474-1A3956D46DE8}") = "05-ocr", "05-ocr", "{1F425463-25E4-43EE-9378-7C8C82264B27}"
EndProject
Project("{2150E333-8FDC-42A3-9474-1A3956D46DE8}") = "C-Sharp", "C-Sharp", "{01DCA00C-1602-4F22-807A-727E261694B1}"
EndProject
Project("{9A19103F-16F7-4668-BE54-9A1E7A4F7556}") = "read-text", "Labfiles\05-ocr\C-Sharp\read-text\read-text.csproj", "{6B48C954-7347-49C0-A682-7985820EA98B}"
EndProject
Project("{2150E333-8FDC-42A3-9474-1A3956D46DE8}") = "07-custom-vision-image-classification", "07-custom-vision-image-classification", "{64E4E721-32CA-4AA8-95CF-43CEA4BE3A3B}"
EndProject
Project("{2150E333-8FDC-42A3-9474-1A3956D46DE8}") = "C-Sharp", "C-Sharp", "{837BB647-FEE9-4A23-B985-008A235200D2}"
EndProject
Project("{9A19103F-16F7-4668-BE54-9A1E7A4F7556}") = "test-classifier", "Labfiles\07-custom-vision-image-classification\C-Sharp\test-classifier\test-classifier.csproj", "{B3A15C38-4DFE-45BE-8EA3-DB4E9160C998}"
EndProject
Project("{9A19103F-16F7-4668-BE54-9A1E7A4F7556}") = "train-classifier", "Labfiles\07-custom-vision-image-classification\C-Sharp\train-classifier\train-classifier.csproj", "{1C299050-6C69-4A45-853F-049CC3F54E9F}"
EndProject
Global
	GlobalSection(SolutionConfigurationPlatforms) = preSolution
		Debug|Any CPU = Debug|Any CPU
		Release|Any CPU = Release|Any CPU
	EndGlobalSection
	GlobalSection(ProjectConfigurationPlatforms) = postSolution
		{164B9F6E-E771-4B38-A56E-B58654F5A89D}.Debug|Any CPU.ActiveCfg = Debug|Any CPU
		{164B9F6E-E771-4B38-A56E-B58654F5A89D}.Debug|Any CPU.Build.0 = Debug|Any CPU
		{164B9F6E-E771-4B38-A56E-B58654F5A89D}.Release|Any CPU.ActiveCfg = Release|Any CPU
		{164B9F6E-E771-4B38-A56E-B58654F5A89D}.Release|Any CPU.Build.0 = Release|Any CPU
		{7C9D9B18-F573-4883-86CD-4EDDD3ED5FA5}.Debug|Any CPU.ActiveCfg = Debug|Any CPU
		{7C9D9B18-F573-4883-86CD-4EDDD3ED5FA5}.Debug|Any CPU.Build.0 = Debug|Any CPU
		{7C9D9B18-F573-4883-86CD-4EDDD3ED5FA5}.Release|Any CPU.ActiveCfg = Release|Any CPU
		{7C9D9B18-F573-4883-86CD-4EDDD3ED5FA5}.Release|Any CPU.Build.0 = Release|Any CPU
		{A2FF3586-3CF4-4562-BA60-0F71317CFC7B}.Debug|Any CPU.ActiveCfg = Debug|Any CPU
		{A2FF3586-3CF4-4562-BA60-0F71317CFC7B}.Debug|Any CPU.Build.0 = Debug|Any CPU
		{A2FF3586-3CF4-4562-BA60-0F71317CFC7B}.Release|Any CPU.ActiveCfg = Release|Any CPU
		{A2FF3586-3CF4-4562-BA60-0F71317CFC7B}.Release|Any CPU.Build.0 = Release|Any CPU
		{9E3ECFAD-7EB7-4564-9070-B7E63553312E}.Debug|Any CPU.ActiveCfg = Debug|Any CPU
		{9E3ECFAD-7EB7-4564-9070-B7E63553312E}.Debug|Any CPU.Build.0 = Debug|Any CPU
		{9E3ECFAD-7EB7-4564-9070-B7E63553312E}.Release|Any CPU.ActiveCfg = Release|Any CPU
		{9E3ECFAD-7EB7-4564-9070-B7E63553312E}.Release|Any CPU.Build.0 = Release|Any CPU
		{ED8F9D04-CC6B-40D9-8049-9572FC516508}.Debug|Any CPU.ActiveCfg = Debug|Any CPU
		{ED8F9D04-CC6B-40D9-8049-9572FC516508}.Debug|Any CPU.Build.0 = Debug|Any CPU
		{ED8F9D04-CC6B-40D9-8049-9572FC516508}.Release|Any CPU.ActiveCfg = Release|Any CPU
		{ED8F9D04-CC6B-40D9-8049-9572FC516508}.Release|Any CPU.Build.0 = Release|Any CPU
		{6B48C954-7347-49C0-A682-7985820EA98B}.Debug|Any CPU.ActiveCfg = Debug|Any CPU
		{6B48C954-7347-49C0-A682-7985820EA98B}.Debug|Any CPU.Build.0 = Debug|Any CPU
		{6B48C954-7347-49C0-A682-7985820EA98B}.Release|Any CPU.ActiveCfg = Release|Any CPU
		{6B48C954-7347-49C0-A682-7985820EA98B}.Release|Any CPU.Build.0 = Release|Any CPU
		{B3A15C38-4DFE-45BE-8EA3-DB4E9160C998}.Debug|Any CPU.ActiveCfg = Debug|Any CPU
		{B3A15C38-4DFE-45BE-8EA3-DB4E9160C998}.Debug|Any CPU.Build.0 = Debug|Any CPU
		{B3A15C38-4DFE-45BE-8EA3-DB4E9160C998}.Release|Any CPU.ActiveCfg = Release|Any CPU
		{B3A15C38-4DFE-45BE-8EA3-DB4E9160C998}.Release|Any CPU.Build.0 = Release|Any CPU
		{1C299050-6C69-4A45-853F-049CC3F54E9F}.Debug|Any CPU.ActiveCfg = Debug|Any CPU
		{1C299050-6C69-4A45-853F-049CC3F54E9F}.Debug|Any CPU.Build.0 = Debug|Any CPU
		{1C299050-6C69-4A45-853F-049CC3F54E9F}.Release|Any CPU.ActiveCfg = Release|Any CPU
		{1C299050-6C69-4A45-853F-049CC3F54E9F}.Release|Any CPU.Build.0 = Release|Any CPU
	EndGlobalSection
	GlobalSection(SolutionProperties) = preSolution
		HideSolutionNode = FALSE
	EndGlobalSection
	GlobalSection(NestedProjects) = preSolution
		{5EA5C904-B840-43E8-9366-EBF81B4F8F03} = {C5F12370-4BD1-4414-A17E-9490C313F92C}
		{F31FB89D-7D9F-431E-B3E6-A3049AA37E2D} = {5EA5C904-B840-43E8-9366-EBF81B4F8F03}
		{164B9F6E-E771-4B38-A56E-B58654F5A89D} = {F31FB89D-7D9F-431E-B3E6-A3049AA37E2D}
		{47DF982D-3862-40B2-990C-CF03FF868FB4} = {C5F12370-4BD1-4414-A17E-9490C313F92C}
		{6FF8A4C7-B5C7-483D-AD91-84512C918E6A} = {47DF982D-3862-40B2-990C-CF03FF868FB4}
		{7C9D9B18-F573-4883-86CD-4EDDD3ED5FA5} = {6FF8A4C7-B5C7-483D-AD91-84512C918E6A}
		{A2FF3586-3CF4-4562-BA60-0F71317CFC7B} = {6FF8A4C7-B5C7-483D-AD91-84512C918E6A}
		{1F0E749A-5854-406B-B691-0C1983369D06} = {C5F12370-4BD1-4414-A17E-9490C313F92C}
		{8BA51319-4AA3-4D75-B1B8-497F5DC5454E} = {1F0E749A-5854-406B-B691-0C1983369D06}
		{9E3ECFAD-7EB7-4564-9070-B7E63553312E} = {8BA51319-4AA3-4D75-B1B8-497F5DC5454E}
		{ED8F9D04-CC6B-40D9-8049-9572FC516508} = {8BA51319-4AA3-4D75-B1B8-497F5DC5454E}
		{1F425463-25E4-43EE-9378-7C8C82264B27} = {C5F12370-4BD1-4414-A17E-9490C313F92C}
		{01DCA00C-1602-4F22-807A-727E261694B1} = {1F425463-25E4-43EE-9378-7C8C82264B27}
		{6B48C954-7347-49C0-A682-7985820EA98B} = {01DCA00C-1602-4F22-807A-727E261694B1}
		{64E4E721-32CA-4AA8-95CF-43CEA4BE3A3B} = {C5F12370-4BD1-4414-A17E-9490C313F92C}
		{837BB647-FEE9-4A23-B985-008A235200D2} = {64E4E721-32CA-4AA8-95CF-43CEA4BE3A3B}
		{B3A15C38-4DFE-45BE-8EA3-DB4E9160C998} = {837BB647-FEE9-4A23-B985-008A235200D2}
		{1C299050-6C69-4A45-853F-049CC3F54E9F} = {837BB647-FEE9-4A23-B985-008A235200D2}
	EndGlobalSection
	GlobalSection(ExtensibilityGlobals) = postSolution
		SolutionGuid = {13CA37DA-3F11-44C3-BDC7-D776F6471DC9}
	EndGlobalSection
EndGlobal
